
Microsoft Visual Studio Solution File, Format Version 12.00
# Visual Studio 2012
Project("{FAE04EC0-301F-11D3-BF4B-00C04F79EFBC}") = "Laborers", "Laborers\Laborers.csproj", "{DCEC5100-97D0-40CF-913D-688492499D0E}"
EndProject
Project("{FAE04EC0-301F-11D3-BF4B-00C04F79EFBC}") = "LaborersTests", "LaborersTests\LaborersTests.csproj", "{5C933206-6665-466E-87B1-8D5E0663EF93}"
EndProject
Global
	GlobalSection(SolutionConfigurationPlatforms) = preSolution
		Debug|Any CPU = Debug|Any CPU
		Release|Any CPU = Release|Any CPU
	EndGlobalSection
	GlobalSection(ProjectConfigurationPlatforms) = postSolution
		{DCEC5100-97D0-40CF-913D-688492499D0E}.Debug|Any CPU.ActiveCfg = Debug|Any CPU
		{DCEC5100-97D0-40CF-913D-688492499D0E}.Debug|Any CPU.Build.0 = Debug|Any CPU
		{DCEC5100-97D0-40CF-913D-688492499D0E}.Release|Any CPU.ActiveCfg = Release|Any CPU
		{DCEC5100-97D0-40CF-913D-688492499D0E}.Release|Any CPU.Build.0 = Release|Any CPU
		{5C933206-6665-466E-87B1-8D5E0663EF93}.Debug|Any CPU.ActiveCfg = Debug|Any CPU
		{5C933206-6665-466E-87B1-8D5E0663EF93}.Debug|Any CPU.Build.0 = Debug|Any CPU
		{5C933206-6665-466E-87B1-8D5E0663EF93}.Release|Any CPU.ActiveCfg = Release|Any CPU
		{5C933206-6665-466E-87B1-8D5E0663EF93}.Release|Any CPU.Build.0 = Release|Any CPU
	EndGlobalSection
	GlobalSection(SolutionProperties) = preSolution
		HideSolutionNode = FALSE
	EndGlobalSection
EndGlobal
