
Microsoft Visual Studio Solution File, Format Version 12.00
# Visual Studio 2012
Project("{FAE04EC0-301F-11D3-BF4B-00C04F79EFBC}") = "Laborers", "Laborers\Laborers.csproj", "{DCEC5100-97D0-40CF-913D-688492499D0E}"
EndProject
Project("{FAE04EC0-301F-11D3-BF4B-00C04F79EFBC}") = "LaborersTests", "LaborersTests\LaborersTests.csproj", "{5C933206-6665-466E-87B1-8D5E0663EF93}"
EndProject
Project("{2150E333-8FDC-42A3-9474-1A3956D46DE8}") = "WaveEngine", "WaveEngine", "{FEB9F506-1791-4509-B50C-9D17D8B0AB0B}"
EndProject
Project("{2150E333-8FDC-42A3-9474-1A3956D46DE8}") = "Tests", "Tests", "{F01B56C1-2557-46DB-A567-C88A6C6E52E0}"
EndProject
Project("{2150E333-8FDC-42A3-9474-1A3956D46DE8}") = "Unity", "Unity", "{A69C40A3-4417-483E-944A-483CC7E2F7F1}"
EndProject
Project("{FAE04EC0-301F-11D3-BF4B-00C04F79EFBC}") = "Assembly-CSharp-firstpass-vs", "UnityProject\Assembly-CSharp-firstpass-vs.csproj", "{FDE690F1-626F-FFA0-5754-E83120972A79}"
EndProject
Project("{FAE04EC0-301F-11D3-BF4B-00C04F79EFBC}") = "Assembly-CSharp-vs", "UnityProject\Assembly-CSharp-vs.csproj", "{5B580621-09B4-68CB-B5F4-5B9DD210A60F}"
EndProject
Global
	GlobalSection(SolutionConfigurationPlatforms) = preSolution
		Debug All|Any CPU = Debug All|Any CPU
		Debug All|Mixed Platforms = Debug All|Mixed Platforms
		Debug All|x86 = Debug All|x86
		Debug|Any CPU = Debug|Any CPU
		Debug|Mixed Platforms = Debug|Mixed Platforms
		Debug|x86 = Debug|x86
		Release|Any CPU = Release|Any CPU
		Release|Mixed Platforms = Release|Mixed Platforms
		Release|x86 = Release|x86
	EndGlobalSection
	GlobalSection(ProjectConfigurationPlatforms) = postSolution
		{DCEC5100-97D0-40CF-913D-688492499D0E}.Debug All|Any CPU.ActiveCfg = Debug All|Any CPU
		{DCEC5100-97D0-40CF-913D-688492499D0E}.Debug All|Any CPU.Build.0 = Debug All|Any CPU
		{DCEC5100-97D0-40CF-913D-688492499D0E}.Debug All|Mixed Platforms.ActiveCfg = Debug All|Any CPU
		{DCEC5100-97D0-40CF-913D-688492499D0E}.Debug All|Mixed Platforms.Build.0 = Debug All|Any CPU
		{DCEC5100-97D0-40CF-913D-688492499D0E}.Debug All|x86.ActiveCfg = Debug All|Any CPU
		{DCEC5100-97D0-40CF-913D-688492499D0E}.Debug|Any CPU.ActiveCfg = Debug|Any CPU
		{DCEC5100-97D0-40CF-913D-688492499D0E}.Debug|Any CPU.Build.0 = Debug|Any CPU
		{DCEC5100-97D0-40CF-913D-688492499D0E}.Debug|Mixed Platforms.ActiveCfg = Debug|Any CPU
		{DCEC5100-97D0-40CF-913D-688492499D0E}.Debug|Mixed Platforms.Build.0 = Debug|Any CPU
		{DCEC5100-97D0-40CF-913D-688492499D0E}.Debug|x86.ActiveCfg = Debug|Any CPU
		{DCEC5100-97D0-40CF-913D-688492499D0E}.Release|Any CPU.ActiveCfg = Release|Any CPU
		{DCEC5100-97D0-40CF-913D-688492499D0E}.Release|Any CPU.Build.0 = Release|Any CPU
		{DCEC5100-97D0-40CF-913D-688492499D0E}.Release|Mixed Platforms.ActiveCfg = Release|Any CPU
		{DCEC5100-97D0-40CF-913D-688492499D0E}.Release|Mixed Platforms.Build.0 = Release|Any CPU
		{DCEC5100-97D0-40CF-913D-688492499D0E}.Release|x86.ActiveCfg = Release|Any CPU
		{5C933206-6665-466E-87B1-8D5E0663EF93}.Debug All|Any CPU.ActiveCfg = Debug All|Any CPU
		{5C933206-6665-466E-87B1-8D5E0663EF93}.Debug All|Any CPU.Build.0 = Debug All|Any CPU
		{5C933206-6665-466E-87B1-8D5E0663EF93}.Debug All|Mixed Platforms.ActiveCfg = Debug All|Any CPU
		{5C933206-6665-466E-87B1-8D5E0663EF93}.Debug All|Mixed Platforms.Build.0 = Debug All|Any CPU
		{5C933206-6665-466E-87B1-8D5E0663EF93}.Debug All|x86.ActiveCfg = Debug All|Any CPU
		{5C933206-6665-466E-87B1-8D5E0663EF93}.Debug|Any CPU.ActiveCfg = Debug|Any CPU
		{5C933206-6665-466E-87B1-8D5E0663EF93}.Debug|Any CPU.Build.0 = Debug|Any CPU
		{5C933206-6665-466E-87B1-8D5E0663EF93}.Debug|Mixed Platforms.ActiveCfg = Debug|Any CPU
		{5C933206-6665-466E-87B1-8D5E0663EF93}.Debug|Mixed Platforms.Build.0 = Debug|Any CPU
		{5C933206-6665-466E-87B1-8D5E0663EF93}.Debug|x86.ActiveCfg = Debug|Any CPU
		{5C933206-6665-466E-87B1-8D5E0663EF93}.Release|Any CPU.ActiveCfg = Release|Any CPU
		{5C933206-6665-466E-87B1-8D5E0663EF93}.Release|Any CPU.Build.0 = Release|Any CPU
		{5C933206-6665-466E-87B1-8D5E0663EF93}.Release|Mixed Platforms.ActiveCfg = Release|Any CPU
		{5C933206-6665-466E-87B1-8D5E0663EF93}.Release|Mixed Platforms.Build.0 = Release|Any CPU
		{5C933206-6665-466E-87B1-8D5E0663EF93}.Release|x86.ActiveCfg = Release|Any CPU
		{FDE690F1-626F-FFA0-5754-E83120972A79}.Debug All|Any CPU.ActiveCfg = Debug|Any CPU
		{FDE690F1-626F-FFA0-5754-E83120972A79}.Debug All|Any CPU.Build.0 = Debug|Any CPU
		{FDE690F1-626F-FFA0-5754-E83120972A79}.Debug All|Mixed Platforms.ActiveCfg = Debug|Any CPU
		{FDE690F1-626F-FFA0-5754-E83120972A79}.Debug All|Mixed Platforms.Build.0 = Debug|Any CPU
		{FDE690F1-626F-FFA0-5754-E83120972A79}.Debug All|x86.ActiveCfg = Debug|Any CPU
		{FDE690F1-626F-FFA0-5754-E83120972A79}.Debug|Any CPU.ActiveCfg = Debug|Any CPU
		{FDE690F1-626F-FFA0-5754-E83120972A79}.Debug|Any CPU.Build.0 = Debug|Any CPU
		{FDE690F1-626F-FFA0-5754-E83120972A79}.Debug|Mixed Platforms.ActiveCfg = Debug|Any CPU
		{FDE690F1-626F-FFA0-5754-E83120972A79}.Debug|Mixed Platforms.Build.0 = Debug|Any CPU
		{FDE690F1-626F-FFA0-5754-E83120972A79}.Debug|x86.ActiveCfg = Debug|Any CPU
		{FDE690F1-626F-FFA0-5754-E83120972A79}.Release|Any CPU.ActiveCfg = Release|Any CPU
		{FDE690F1-626F-FFA0-5754-E83120972A79}.Release|Any CPU.Build.0 = Release|Any CPU
		{FDE690F1-626F-FFA0-5754-E83120972A79}.Release|Mixed Platforms.ActiveCfg = Release|Any CPU
		{FDE690F1-626F-FFA0-5754-E83120972A79}.Release|Mixed Platforms.Build.0 = Release|Any CPU
		{FDE690F1-626F-FFA0-5754-E83120972A79}.Release|x86.ActiveCfg = Release|Any CPU
		{5B580621-09B4-68CB-B5F4-5B9DD210A60F}.Debug All|Any CPU.ActiveCfg = Debug|Any CPU
		{5B580621-09B4-68CB-B5F4-5B9DD210A60F}.Debug All|Any CPU.Build.0 = Debug|Any CPU
		{5B580621-09B4-68CB-B5F4-5B9DD210A60F}.Debug All|Mixed Platforms.ActiveCfg = Debug|Any CPU
		{5B580621-09B4-68CB-B5F4-5B9DD210A60F}.Debug All|Mixed Platforms.Build.0 = Debug|Any CPU
		{5B580621-09B4-68CB-B5F4-5B9DD210A60F}.Debug All|x86.ActiveCfg = Debug|Any CPU
		{5B580621-09B4-68CB-B5F4-5B9DD210A60F}.Debug|Any CPU.ActiveCfg = Debug|Any CPU
		{5B580621-09B4-68CB-B5F4-5B9DD210A60F}.Debug|Any CPU.Build.0 = Debug|Any CPU
		{5B580621-09B4-68CB-B5F4-5B9DD210A60F}.Debug|Mixed Platforms.ActiveCfg = Debug|Any CPU
		{5B580621-09B4-68CB-B5F4-5B9DD210A60F}.Debug|Mixed Platforms.Build.0 = Debug|Any CPU
		{5B580621-09B4-68CB-B5F4-5B9DD210A60F}.Debug|x86.ActiveCfg = Debug|Any CPU
		{5B580621-09B4-68CB-B5F4-5B9DD210A60F}.Release|Any CPU.ActiveCfg = Release|Any CPU
		{5B580621-09B4-68CB-B5F4-5B9DD210A60F}.Release|Any CPU.Build.0 = Release|Any CPU
		{5B580621-09B4-68CB-B5F4-5B9DD210A60F}.Release|Mixed Platforms.ActiveCfg = Release|Any CPU
		{5B580621-09B4-68CB-B5F4-5B9DD210A60F}.Release|Mixed Platforms.Build.0 = Release|Any CPU
		{5B580621-09B4-68CB-B5F4-5B9DD210A60F}.Release|x86.ActiveCfg = Release|Any CPU
	EndGlobalSection
	GlobalSection(SolutionProperties) = preSolution
		HideSolutionNode = FALSE
	EndGlobalSection
	GlobalSection(NestedProjects) = preSolution
		{5C933206-6665-466E-87B1-8D5E0663EF93} = {F01B56C1-2557-46DB-A567-C88A6C6E52E0}
		{FDE690F1-626F-FFA0-5754-E83120972A79} = {A69C40A3-4417-483E-944A-483CC7E2F7F1}
		{5B580621-09B4-68CB-B5F4-5B9DD210A60F} = {A69C40A3-4417-483E-944A-483CC7E2F7F1}
	EndGlobalSection
EndGlobal
